# THIS IS AN AUTOGENERATED FILE. DO NOT EDIT THIS FILE DIRECTLY.
# yarn lockfile v1


eslint-config-standard@~6.2.1:
  version "6.2.1"
  resolved "https://registry.yarnpkg.com/eslint-config-standard/-/eslint-config-standard-6.2.1.tgz#d3a68aafc7191639e7ee441e7348739026354292"

eslint-config-standart@^0.2.0:
  version "0.2.0"
  resolved "https://registry.yarnpkg.com/eslint-config-standart/-/eslint-config-standart-0.2.0.tgz#c6a3405252047e05b4c38b05c5687348ad9c644d"
  dependencies:
    eslint-config-standard "~6.2.1"
